// !$*UTF8*$!
{
	archiveVersion = 1;
	classes = {
	};
	objectVersion = 56;
	objects = {

/* Begin PBXBuildFile section */
		AF1EFFAD2C6319B2005EA737 /* AppDelegate.swift in Sources */ = {isa = PBXBuildFile; fileRef = AF1EFFAC2C6319B2005EA737 /* AppDelegate.swift */; };
		AF1EFFAF2C6319B2005EA737 /* SceneDelegate.swift in Sources */ = {isa = PBXBuildFile; fileRef = AF1EFFAE2C6319B2005EA737 /* SceneDelegate.swift */; };
		AF1EFFB12C6319B2005EA737 /* ViewController.swift in Sources */ = {isa = PBXBuildFile; fileRef = AF1EFFB02C6319B2005EA737 /* ViewController.swift */; };
		AF1EFFB62C6319B3005EA737 /* Assets.xcassets in Resources */ = {isa = PBXBuildFile; fileRef = AF1EFFB52C6319B3005EA737 /* Assets.xcassets */; };
		AF1EFFB92C6319B3005EA737 /* Base in Resources */ = {isa = PBXBuildFile; fileRef = AF1EFFB82C6319B3005EA737 /* Base */; };
		AF1EFFC12C6319C6005EA737 /* NetworkManager.swift in Sources */ = {isa = PBXBuildFile; fileRef = AF1EFFC02C6319C6005EA737 /* NetworkManager.swift */; };
		AF1EFFC32C6319CB005EA737 /* Model.swift in Sources */ = {isa = PBXBuildFile; fileRef = AF1EFFC22C6319CB005EA737 /* Model.swift */; };
		AF1EFFC52C6319E6005EA737 /* ViewModel.swift in Sources */ = {isa = PBXBuildFile; fileRef = AF1EFFC42C6319E6005EA737 /* ViewModel.swift */; };
		AF1EFFC82C631A94005EA737 /* RxCocoa in Frameworks */ = {isa = PBXBuildFile; productRef = AF1EFFC72C631A94005EA737 /* RxCocoa */; };
		AF1EFFCB2C631A9F005EA737 /* SnapKit in Frameworks */ = {isa = PBXBuildFile; productRef = AF1EFFCA2C631A9F005EA737 /* SnapKit */; };
/* End PBXBuildFile section */

/* Begin PBXFileReference section */
		AF1EFFA92C6319B2005EA737 /* Pokemon_Dictionary.app */ = {isa = PBXFileReference; explicitFileType = wrapper.application; includeInIndex = 0; path = Pokemon_Dictionary.app; sourceTree = BUILT_PRODUCTS_DIR; };
		AF1EFFAC2C6319B2005EA737 /* AppDelegate.swift */ = {isa = PBXFileReference; lastKnownFileType = sourcecode.swift; path = AppDelegate.swift; sourceTree = "<group>"; };
		AF1EFFAE2C6319B2005EA737 /* SceneDelegate.swift */ = {isa = PBXFileReference; lastKnownFileType = sourcecode.swift; path = SceneDelegate.swift; sourceTree = "<group>"; };
		AF1EFFB02C6319B2005EA737 /* ViewController.swift */ = {isa = PBXFileReference; lastKnownFileType = sourcecode.swift; path = ViewController.swift; sourceTree = "<group>"; };
		AF1EFFB52C6319B3005EA737 /* Assets.xcassets */ = {isa = PBXFileReference; lastKnownFileType = folder.assetcatalog; path = Assets.xcassets; sourceTree = "<group>"; };
		AF1EFFB82C6319B3005EA737 /* Base */ = {isa = PBXFileReference; lastKnownFileType = file.storyboard; name = Base; path = Base.lproj/LaunchScreen.storyboard; sourceTree = "<group>"; };
		AF1EFFBA2C6319B3005EA737 /* Info.plist */ = {isa = PBXFileReference; lastKnownFileType = text.plist.xml; path = Info.plist; sourceTree = "<group>"; };
		AF1EFFC02C6319C6005EA737 /* NetworkManager.swift */ = {isa = PBXFileReference; lastKnownFileType = sourcecode.swift; path = NetworkManager.swift; sourceTree = "<group>"; };
		AF1EFFC22C6319CB005EA737 /* Model.swift */ = {isa = PBXFileReference; lastKnownFileType = sourcecode.swift; path = Model.swift; sourceTree = "<group>"; };
		AF1EFFC42C6319E6005EA737 /* ViewModel.swift */ = {isa = PBXFileReference; lastKnownFileType = sourcecode.swift; path = ViewModel.swift; sourceTree = "<group>"; };
/* End PBXFileReference section */

/* Begin PBXFrameworksBuildPhase section */
		AF1EFFA62C6319B2005EA737 /* Frameworks */ = {
			isa = PBXFrameworksBuildPhase;
			buildActionMask = 2147483647;
			files = (
				AF1EFFC82C631A94005EA737 /* RxCocoa in Frameworks */,
				AF1EFFCB2C631A9F005EA737 /* SnapKit in Frameworks */,
			);
			runOnlyForDeploymentPostprocessing = 0;
		};
/* End PBXFrameworksBuildPhase section */

/* Begin PBXGroup section */
		AF1EFFA02C6319B2005EA737 = {
			isa = PBXGroup;
			children = (
				AF1EFFAB2C6319B2005EA737 /* Pokemon_Dictionary */,
				AF1EFFAA2C6319B2005EA737 /* Products */,
			);
			sourceTree = "<group>";
		};
		AF1EFFAA2C6319B2005EA737 /* Products */ = {
			isa = PBXGroup;
			children = (
				AF1EFFA92C6319B2005EA737 /* Pokemon_Dictionary.app */,
			);
			name = Products;
			sourceTree = "<group>";
		};
		AF1EFFAB2C6319B2005EA737 /* Pokemon_Dictionary */ = {
			isa = PBXGroup;
			children = (
				AF1EFFAC2C6319B2005EA737 /* AppDelegate.swift */,
				AF1EFFAE2C6319B2005EA737 /* SceneDelegate.swift */,
				AF1EFFB02C6319B2005EA737 /* ViewController.swift */,
				AF1EFFC02C6319C6005EA737 /* NetworkManager.swift */,
				AF1EFFC22C6319CB005EA737 /* Model.swift */,
				AF1EFFC42C6319E6005EA737 /* ViewModel.swift */,
				AF1EFFB52C6319B3005EA737 /* Assets.xcassets */,
				AF1EFFB72C6319B3005EA737 /* LaunchScreen.storyboard */,
				AF1EFFBA2C6319B3005EA737 /* Info.plist */,
			);
			path = Pokemon_Dictionary;
			sourceTree = "<group>";
		};
/* End PBXGroup section */

/* Begin PBXNativeTarget section */
		AF1EFFA82C6319B2005EA737 /* Pokemon_Dictionary */ = {
			isa = PBXNativeTarget;
			buildConfigurationList = AF1EFFBD2C6319B3005EA737 /* Build configuration list for PBXNativeTarget "Pokemon_Dictionary" */;
			buildPhases = (
				AF1EFFA52C6319B2005EA737 /* Sources */,
				AF1EFFA62C6319B2005EA737 /* Frameworks */,
				AF1EFFA72C6319B2005EA737 /* Resources */,
			);
			buildRules = (
			);
			dependencies = (
			);
			name = Pokemon_Dictionary;
			packageProductDependencies = (
				AF1EFFC72C631A94005EA737 /* RxCocoa */,
				AF1EFFCA2C631A9F005EA737 /* SnapKit */,
			);
			productName = Pokemon_Dictionary;
			productReference = AF1EFFA92C6319B2005EA737 /* Pokemon_Dictionary.app */;
			productType = "com.apple.product-type.application";
		};
/* End PBXNativeTarget section */

/* Begin PBXProject section */
		AF1EFFA12C6319B2005EA737 /* Project object */ = {
			isa = PBXProject;
			attributes = {
				BuildIndependentTargetsInParallel = 1;
				LastSwiftUpdateCheck = 1540;
				LastUpgradeCheck = 1540;
				TargetAttributes = {
					AF1EFFA82C6319B2005EA737 = {
						CreatedOnToolsVersion = 15.4;
					};
				};
			};
			buildConfigurationList = AF1EFFA42C6319B2005EA737 /* Build configuration list for PBXProject "Pokemon_Dictionary" */;
			compatibilityVersion = "Xcode 14.0";
			developmentRegion = en;
			hasScannedForEncodings = 0;
			knownRegions = (
				en,
				Base,
			);
			mainGroup = AF1EFFA02C6319B2005EA737;
			packageReferences = (
				AF1EFFC62C631A94005EA737 /* XCRemoteSwiftPackageReference "RxSwift" */,
				AF1EFFC92C631A9F005EA737 /* XCRemoteSwiftPackageReference "SnapKit" */,
			);
			productRefGroup = AF1EFFAA2C6319B2005EA737 /* Products */;
			projectDirPath = "";
			projectRoot = "";
			targets = (
				AF1EFFA82C6319B2005EA737 /* Pokemon_Dictionary */,
			);
		};
/* End PBXProject section */

/* Begin PBXResourcesBuildPhase section */
		AF1EFFA72C6319B2005EA737 /* Resources */ = {
			isa = PBXResourcesBuildPhase;
			buildActionMask = 2147483647;
			files = (
				AF1EFFB62C6319B3005EA737 /* Assets.xcassets in Resources */,
				AF1EFFB92C6319B3005EA737 /* Base in Resources */,
			);
			runOnlyForDeploymentPostprocessing = 0;
		};
/* End PBXResourcesBuildPhase section */

/* Begin PBXSourcesBuildPhase section */
		AF1EFFA52C6319B2005EA737 /* Sources */ = {
			isa = PBXSourcesBuildPhase;
			buildActionMask = 2147483647;
			files = (
				AF1EFFC32C6319CB005EA737 /* Model.swift in Sources */,
				AF1EFFC12C6319C6005EA737 /* NetworkManager.swift in Sources */,
				AF1EFFB12C6319B2005EA737 /* ViewController.swift in Sources */,
				AF1EFFAD2C6319B2005EA737 /* AppDelegate.swift in Sources */,
				AF1EFFC52C6319E6005EA737 /* ViewModel.swift in Sources */,
				AF1EFFAF2C6319B2005EA737 /* SceneDelegate.swift in Sources */,
			);
			runOnlyForDeploymentPostprocessing = 0;
		};
/* End PBXSourcesBuildPhase section */

/* Begin PBXVariantGroup section */
		AF1EFFB72C6319B3005EA737 /* LaunchScreen.storyboard */ = {
			isa = PBXVariantGroup;
			children = (
				AF1EFFB82C6319B3005EA737 /* Base */,
			);
			name = LaunchScreen.storyboard;
			sourceTree = "<group>";
		};
/* End PBXVariantGroup section */

/* Begin XCBuildConfiguration section */
		AF1EFFBB2C6319B3005EA737 /* Debug */ = {
			isa = XCBuildConfiguration;
			buildSettings = {
				ALWAYS_SEARCH_USER_PATHS = NO;
				ASSETCATALOG_COMPILER_GENERATE_SWIFT_ASSET_SYMBOL_EXTENSIONS = YES;
				CLANG_ANALYZER_NONNULL = YES;
				CLANG_ANALYZER_NUMBER_OBJECT_CONVERSION = YES_AGGRESSIVE;
				CLANG_CXX_LANGUAGE_STANDARD = "gnu++20";
				CLANG_ENABLE_MODULES = YES;
				CLANG_ENABLE_OBJC_ARC = YES;
				CLANG_ENABLE_OBJC_WEAK = YES;
				CLANG_WARN_BLOCK_CAPTURE_AUTORELEASING = YES;
				CLANG_WARN_BOOL_CONVERSION = YES;
				CLANG_WARN_COMMA = YES;
				CLANG_WARN_CONSTANT_CONVERSION = YES;
				CLANG_WARN_DEPRECATED_OBJC_IMPLEMENTATIONS = YES;
				CLANG_WARN_DIRECT_OBJC_ISA_USAGE = YES_ERROR;
				CLANG_WARN_DOCUMENTATION_COMMENTS = YES;
				CLANG_WARN_EMPTY_BODY = YES;
				CLANG_WARN_ENUM_CONVERSION = YES;
				CLANG_WARN_INFINITE_RECURSION = YES;
				CLANG_WARN_INT_CONVERSION = YES;
				CLANG_WARN_NON_LITERAL_NULL_CONVERSION = YES;
				CLANG_WARN_OBJC_IMPLICIT_RETAIN_SELF = YES;
				CLANG_WARN_OBJC_LITERAL_CONVERSION = YES;
				CLANG_WARN_OBJC_ROOT_CLASS = YES_ERROR;
				CLANG_WARN_QUOTED_INCLUDE_IN_FRAMEWORK_HEADER = YES;
				CLANG_WARN_RANGE_LOOP_ANALYSIS = YES;
				CLANG_WARN_STRICT_PROTOTYPES = YES;
				CLANG_WARN_SUSPICIOUS_MOVE = YES;
				CLANG_WARN_UNGUARDED_AVAILABILITY = YES_AGGRESSIVE;
				CLANG_WARN_UNREACHABLE_CODE = YES;
				CLANG_WARN__DUPLICATE_METHOD_MATCH = YES;
				COPY_PHASE_STRIP = NO;
				DEBUG_INFORMATION_FORMAT = dwarf;
				ENABLE_STRICT_OBJC_MSGSEND = YES;
				ENABLE_TESTABILITY = YES;
				ENABLE_USER_SCRIPT_SANDBOXING = YES;
				GCC_C_LANGUAGE_STANDARD = gnu17;
				GCC_DYNAMIC_NO_PIC = NO;
				GCC_NO_COMMON_BLOCKS = YES;
				GCC_OPTIMIZATION_LEVEL = 0;
				GCC_PREPROCESSOR_DEFINITIONS = (
					"DEBUG=1",
					"$(inherited)",
				);
				GCC_WARN_64_TO_32_BIT_CONVERSION = YES;
				GCC_WARN_ABOUT_RETURN_TYPE = YES_ERROR;
				GCC_WARN_UNDECLARED_SELECTOR = YES;
				GCC_WARN_UNINITIALIZED_AUTOS = YES_AGGRESSIVE;
				GCC_WARN_UNUSED_FUNCTION = YES;
				GCC_WARN_UNUSED_VARIABLE = YES;
				IPHONEOS_DEPLOYMENT_TARGET = 17.5;
				LOCALIZATION_PREFERS_STRING_CATALOGS = YES;
				MTL_ENABLE_DEBUG_INFO = INCLUDE_SOURCE;
				MTL_FAST_MATH = YES;
				ONLY_ACTIVE_ARCH = YES;
				SDKROOT = iphoneos;
				SWIFT_ACTIVE_COMPILATION_CONDITIONS = "DEBUG $(inherited)";
				SWIFT_OPTIMIZATION_LEVEL = "-Onone";
			};
			name = Debug;
		};
		AF1EFFBC2C6319B3005EA737 /* Release */ = {
			isa = XCBuildConfiguration;
			buildSettings = {
				ALWAYS_SEARCH_USER_PATHS = NO;
				ASSETCATALOG_COMPILER_GENERATE_SWIFT_ASSET_SYMBOL_EXTENSIONS = YES;
				CLANG_ANALYZER_NONNULL = YES;
				CLANG_ANALYZER_NUMBER_OBJECT_CONVERSION = YES_AGGRESSIVE;
				CLANG_CXX_LANGUAGE_STANDARD = "gnu++20";
				CLANG_ENABLE_MODULES = YES;
				CLANG_ENABLE_OBJC_ARC = YES;
				CLANG_ENABLE_OBJC_WEAK = YES;
				CLANG_WARN_BLOCK_CAPTURE_AUTORELEASING = YES;
				CLANG_WARN_BOOL_CONVERSION = YES;
				CLANG_WARN_COMMA = YES;
				CLANG_WARN_CONSTANT_CONVERSION = YES;
				CLANG_WARN_DEPRECATED_OBJC_IMPLEMENTATIONS = YES;
				CLANG_WARN_DIRECT_OBJC_ISA_USAGE = YES_ERROR;
				CLANG_WARN_DOCUMENTATION_COMMENTS = YES;
				CLANG_WARN_EMPTY_BODY = YES;
				CLANG_WARN_ENUM_CONVERSION = YES;
				CLANG_WARN_INFINITE_RECURSION = YES;
				CLANG_WARN_INT_CONVERSION = YES;
				CLANG_WARN_NON_LITERAL_NULL_CONVERSION = YES;
				CLANG_WARN_OBJC_IMPLICIT_RETAIN_SELF = YES;
				CLANG_WARN_OBJC_LITERAL_CONVERSION = YES;
				CLANG_WARN_OBJC_ROOT_CLASS = YES_ERROR;
				CLANG_WARN_QUOTED_INCLUDE_IN_FRAMEWORK_HEADER = YES;
				CLANG_WARN_RANGE_LOOP_ANALYSIS = YES;
				CLANG_WARN_STRICT_PROTOTYPES = YES;
				CLANG_WARN_SUSPICIOUS_MOVE = YES;
				CLANG_WARN_UNGUARDED_AVAILABILITY = YES_AGGRESSIVE;
				CLANG_WARN_UNREACHABLE_CODE = YES;
				CLANG_WARN__DUPLICATE_METHOD_MATCH = YES;
				COPY_PHASE_STRIP = NO;
				DEBUG_INFORMATION_FORMAT = "dwarf-with-dsym";
				ENABLE_NS_ASSERTIONS = NO;
				ENABLE_STRICT_OBJC_MSGSEND = YES;
				ENABLE_USER_SCRIPT_SANDBOXING = YES;
				GCC_C_LANGUAGE_STANDARD = gnu17;
				GCC_NO_COMMON_BLOCKS = YES;
				GCC_WARN_64_TO_32_BIT_CONVERSION = YES;
				GCC_WARN_ABOUT_RETURN_TYPE = YES_ERROR;
				GCC_WARN_UNDECLARED_SELECTOR = YES;
				GCC_WARN_UNINITIALIZED_AUTOS = YES_AGGRESSIVE;
				GCC_WARN_UNUSED_FUNCTION = YES;
				GCC_WARN_UNUSED_VARIABLE = YES;
				IPHONEOS_DEPLOYMENT_TARGET = 17.5;
				LOCALIZATION_PREFERS_STRING_CATALOGS = YES;
				MTL_ENABLE_DEBUG_INFO = NO;
				MTL_FAST_MATH = YES;
				SDKROOT = iphoneos;
				SWIFT_COMPILATION_MODE = wholemodule;
				VALIDATE_PRODUCT = YES;
			};
			name = Release;
		};
		AF1EFFBE2C6319B3005EA737 /* Debug */ = {
			isa = XCBuildConfiguration;
			buildSettings = {
				ASSETCATALOG_COMPILER_APPICON_NAME = AppIcon;
				ASSETCATALOG_COMPILER_GLOBAL_ACCENT_COLOR_NAME = AccentColor;
				CODE_SIGN_STYLE = Automatic;
				CURRENT_PROJECT_VERSION = 1;
				DEVELOPMENT_TEAM = 4DWV94Z6J6;
				GENERATE_INFOPLIST_FILE = YES;
				INFOPLIST_FILE = Pokemon_Dictionary/Info.plist;
				INFOPLIST_KEY_UIApplicationSupportsIndirectInputEvents = YES;
				INFOPLIST_KEY_UILaunchStoryboardName = LaunchScreen;
				INFOPLIST_KEY_UISupportedInterfaceOrientations_iPad = "UIInterfaceOrientationPortrait UIInterfaceOrientationPortraitUpsideDown UIInterfaceOrientationLandscapeLeft UIInterfaceOrientationLandscapeRight";
				INFOPLIST_KEY_UISupportedInterfaceOrientations_iPhone = "UIInterfaceOrientationPortrait UIInterfaceOrientationLandscapeLeft UIInterfaceOrientationLandscapeRight";
				LD_RUNPATH_SEARCH_PATHS = (
					"$(inherited)",
					"@executable_path/Frameworks",
				);
				MARKETING_VERSION = 1.0;
				PRODUCT_BUNDLE_IDENTIFIER = "Task.Pokemon-Dictionary";
				PRODUCT_NAME = "$(TARGET_NAME)";
				SWIFT_EMIT_LOC_STRINGS = YES;
				SWIFT_VERSION = 5.0;
				TARGETED_DEVICE_FAMILY = "1,2";
			};
			name = Debug;
		};
		AF1EFFBF2C6319B3005EA737 /* Release */ = {
			isa = XCBuildConfiguration;
			buildSettings = {
				ASSETCATALOG_COMPILER_APPICON_NAME = AppIcon;
				ASSETCATALOG_COMPILER_GLOBAL_ACCENT_COLOR_NAME = AccentColor;
				CODE_SIGN_STYLE = Automatic;
				CURRENT_PROJECT_VERSION = 1;
				DEVELOPMENT_TEAM = 4DWV94Z6J6;
				GENERATE_INFOPLIST_FILE = YES;
				INFOPLIST_FILE = Pokemon_Dictionary/Info.plist;
				INFOPLIST_KEY_UIApplicationSupportsIndirectInputEvents = YES;
				INFOPLIST_KEY_UILaunchStoryboardName = LaunchScreen;
				INFOPLIST_KEY_UISupportedInterfaceOrientations_iPad = "UIInterfaceOrientationPortrait UIInterfaceOrientationPortraitUpsideDown UIInterfaceOrientationLandscapeLeft UIInterfaceOrientationLandscapeRight";
				INFOPLIST_KEY_UISupportedInterfaceOrientations_iPhone = "UIInterfaceOrientationPortrait UIInterfaceOrientationLandscapeLeft UIInterfaceOrientationLandscapeRight";
				LD_RUNPATH_SEARCH_PATHS = (
					"$(inherited)",
					"@executable_path/Frameworks",
				);
				MARKETING_VERSION = 1.0;
				PRODUCT_BUNDLE_IDENTIFIER = "Task.Pokemon-Dictionary";
				PRODUCT_NAME = "$(TARGET_NAME)";
				SWIFT_EMIT_LOC_STRINGS = YES;
				SWIFT_VERSION = 5.0;
				TARGETED_DEVICE_FAMILY = "1,2";
			};
			name = Release;
		};
/* End XCBuildConfiguration section */

/* Begin XCConfigurationList section */
		AF1EFFA42C6319B2005EA737 /* Build configuration list for PBXProject "Pokemon_Dictionary" */ = {
			isa = XCConfigurationList;
			buildConfigurations = (
				AF1EFFBB2C6319B3005EA737 /* Debug */,
				AF1EFFBC2C6319B3005EA737 /* Release */,
			);
			defaultConfigurationIsVisible = 0;
			defaultConfigurationName = Release;
		};
		AF1EFFBD2C6319B3005EA737 /* Build configuration list for PBXNativeTarget "Pokemon_Dictionary" */ = {
			isa = XCConfigurationList;
			buildConfigurations = (
				AF1EFFBE2C6319B3005EA737 /* Debug */,
				AF1EFFBF2C6319B3005EA737 /* Release */,
			);
			defaultConfigurationIsVisible = 0;
			defaultConfigurationName = Release;
		};
/* End XCConfigurationList section */

/* Begin XCRemoteSwiftPackageReference section */
		AF1EFFC62C631A94005EA737 /* XCRemoteSwiftPackageReference "RxSwift" */ = {
			isa = XCRemoteSwiftPackageReference;
			repositoryURL = "https://github.com/ReactiveX/RxSwift";
			requirement = {
				kind = upToNextMajorVersion;
				minimumVersion = 6.7.1;
			};
		};
		AF1EFFC92C631A9F005EA737 /* XCRemoteSwiftPackageReference "SnapKit" */ = {
			isa = XCRemoteSwiftPackageReference;
			repositoryURL = "https://github.com/SnapKit/SnapKit";
			requirement = {
				kind = upToNextMajorVersion;
				minimumVersion = 5.7.1;
			};
		};
/* End XCRemoteSwiftPackageReference section */

/* Begin XCSwiftPackageProductDependency section */
		AF1EFFC72C631A94005EA737 /* RxCocoa */ = {
			isa = XCSwiftPackageProductDependency;
			package = AF1EFFC62C631A94005EA737 /* XCRemoteSwiftPackageReference "RxSwift" */;
			productName = RxCocoa;
		};
		AF1EFFCA2C631A9F005EA737 /* SnapKit */ = {
			isa = XCSwiftPackageProductDependency;
			package = AF1EFFC92C631A9F005EA737 /* XCRemoteSwiftPackageReference "SnapKit" */;
			productName = SnapKit;
		};
/* End XCSwiftPackageProductDependency section */
	};
	rootObject = AF1EFFA12C6319B2005EA737 /* Project object */;
}
